
Microsoft Visual Studio Solution File, Format Version 12.00
# Visual Studio 14
VisualStudioVersion = 14.0.25420.1
MinimumVisualStudioVersion = 10.0.40219.1
Project("{FAE04EC0-301F-11D3-BF4B-00C04F79EFBC}") = "Foundatio.Caching.Demo", "Foundatio.Caching.Demo.csproj", "{BDFDB2EF-B20A-482F-88BA-4FD386803D26}"
EndProject
Global
	GlobalSection(SolutionConfigurationPlatforms) = preSolution
		Debug|Any CPU = Debug|Any CPU
		Release|Any CPU = Release|Any CPU
	EndGlobalSection
	GlobalSection(ProjectConfigurationPlatforms) = postSolution
		{BDFDB2EF-B20A-482F-88BA-4FD386803D26}.Debug|Any CPU.ActiveCfg = Debug|Any CPU
		{BDFDB2EF-B20A-482F-88BA-4FD386803D26}.Debug|Any CPU.Build.0 = Debug|Any CPU
		{BDFDB2EF-B20A-482F-88BA-4FD386803D26}.Release|Any CPU.ActiveCfg = Release|Any CPU
		{BDFDB2EF-B20A-482F-88BA-4FD386803D26}.Release|Any CPU.Build.0 = Release|Any CPU
	EndGlobalSection
	GlobalSection(SolutionProperties) = preSolution
		HideSolutionNode = FALSE
	EndGlobalSection
EndGlobal
